// !$*UTF8*$!
{
	archiveVersion = 1;
	classes = {
	};
	objectVersion = 56;
	objects = {

/* Begin PBXBuildFile section */
		586FD6522B8C2CE700312762 /* RickAndMortyApp.swift in Sources */ = {isa = PBXBuildFile; fileRef = 586FD6512B8C2CE700312762 /* RickAndMortyApp.swift */; };
		586FD6542B8C2CE700312762 /* RMContentView.swift in Sources */ = {isa = PBXBuildFile; fileRef = 586FD6532B8C2CE700312762 /* RMContentView.swift */; };
		586FD6562B8C2CE900312762 /* Assets.xcassets in Resources */ = {isa = PBXBuildFile; fileRef = 586FD6552B8C2CE900312762 /* Assets.xcassets */; };
		586FD6592B8C2CE900312762 /* Preview Assets.xcassets in Resources */ = {isa = PBXBuildFile; fileRef = 586FD6582B8C2CE900312762 /* Preview Assets.xcassets */; };
		586FD6692B8C2F5F00312762 /* RMLocationModel.swift in Sources */ = {isa = PBXBuildFile; fileRef = 586FD6682B8C2F5F00312762 /* RMLocationModel.swift */; };
		586FD66B2B8C2F8500312762 /* RMCharacterModel.swift in Sources */ = {isa = PBXBuildFile; fileRef = 586FD66A2B8C2F8500312762 /* RMCharacterModel.swift */; };
		586FD66D2B8C2F9500312762 /* RMEpisodeModel.swift in Sources */ = {isa = PBXBuildFile; fileRef = 586FD66C2B8C2F9500312762 /* RMEpisodeModel.swift */; };
		586FD66F2B8C319700312762 /* RMCharacterView.swift in Sources */ = {isa = PBXBuildFile; fileRef = 586FD66E2B8C319700312762 /* RMCharacterView.swift */; };
		586FD6712B8C31A300312762 /* RMLocationView.swift in Sources */ = {isa = PBXBuildFile; fileRef = 586FD6702B8C31A300312762 /* RMLocationView.swift */; };
		586FD6732B8C31AC00312762 /* RMEpisodeView.swift in Sources */ = {isa = PBXBuildFile; fileRef = 586FD6722B8C31AC00312762 /* RMEpisodeView.swift */; };
		586FD6752B8C31B600312762 /* RMSettingsView.swift in Sources */ = {isa = PBXBuildFile; fileRef = 586FD6742B8C31B600312762 /* RMSettingsView.swift */; };
		586FD6772B8CD38700312762 /* RMService.swift in Sources */ = {isa = PBXBuildFile; fileRef = 586FD6762B8CD38700312762 /* RMService.swift */; };
		586FD6792B8CD39100312762 /* RMRequest.swift in Sources */ = {isa = PBXBuildFile; fileRef = 586FD6782B8CD39100312762 /* RMRequest.swift */; };
		586FD67B2B8CD4EF00312762 /* RMEndpoint.swift in Sources */ = {isa = PBXBuildFile; fileRef = 586FD67A2B8CD4EF00312762 /* RMEndpoint.swift */; };
		586FD6832B8DBF1B00312762 /* RMGetAllCharactersResponseModel.swift in Sources */ = {isa = PBXBuildFile; fileRef = 586FD6822B8DBF1B00312762 /* RMGetAllCharactersResponseModel.swift */; };
		586FD6852B8DED4000312762 /* RMCharacterListViewModel.swift in Sources */ = {isa = PBXBuildFile; fileRef = 586FD6842B8DED4000312762 /* RMCharacterListViewModel.swift */; };
		587645182B8F242B004BD2A3 /* RMCharacterGridView.swift in Sources */ = {isa = PBXBuildFile; fileRef = 587645172B8F242B004BD2A3 /* RMCharacterGridView.swift */; };
		5876451D2B8F26AF004BD2A3 /* RMCharacterImageView.swift in Sources */ = {isa = PBXBuildFile; fileRef = 5876451C2B8F26AF004BD2A3 /* RMCharacterImageView.swift */; };
		5876451F2B8F2A2E004BD2A3 /* RMCharacterStatusView.swift in Sources */ = {isa = PBXBuildFile; fileRef = 5876451E2B8F2A2E004BD2A3 /* RMCharacterStatusView.swift */; };
		587645232B90BD21004BD2A3 /* RMCharacterDetailView.swift in Sources */ = {isa = PBXBuildFile; fileRef = 587645222B90BD21004BD2A3 /* RMCharacterDetailView.swift */; };
		587645292B90CC3D004BD2A3 /* RMCharacterImageViewModel.swift in Sources */ = {isa = PBXBuildFile; fileRef = 587645282B90CC3D004BD2A3 /* RMCharacterImageViewModel.swift */; };
		588D36742B9191770075F2DB /* RMNetworkManager.swift in Sources */ = {isa = PBXBuildFile; fileRef = 588D36732B9191770075F2DB /* RMNetworkManager.swift */; };
		588D36772B91C5640075F2DB /* Kingfisher in Frameworks */ = {isa = PBXBuildFile; productRef = 588D36762B91C5640075F2DB /* Kingfisher */; };
		588D36792B91C57A0075F2DB /* KFImage.swift in Sources */ = {isa = PBXBuildFile; fileRef = 588D36782B91C57A0075F2DB /* KFImage.swift */; };
/* End PBXBuildFile section */

/* Begin PBXFileReference section */
		586FD64E2B8C2CE700312762 /* RickAndMorty.app */ = {isa = PBXFileReference; explicitFileType = wrapper.application; includeInIndex = 0; path = RickAndMorty.app; sourceTree = BUILT_PRODUCTS_DIR; };
		586FD6512B8C2CE700312762 /* RickAndMortyApp.swift */ = {isa = PBXFileReference; lastKnownFileType = sourcecode.swift; path = RickAndMortyApp.swift; sourceTree = "<group>"; };
		586FD6532B8C2CE700312762 /* RMContentView.swift */ = {isa = PBXFileReference; lastKnownFileType = sourcecode.swift; path = RMContentView.swift; sourceTree = "<group>"; };
		586FD6552B8C2CE900312762 /* Assets.xcassets */ = {isa = PBXFileReference; lastKnownFileType = folder.assetcatalog; path = Assets.xcassets; sourceTree = "<group>"; };
		586FD6582B8C2CE900312762 /* Preview Assets.xcassets */ = {isa = PBXFileReference; lastKnownFileType = folder.assetcatalog; path = "Preview Assets.xcassets"; sourceTree = "<group>"; };
		586FD6682B8C2F5F00312762 /* RMLocationModel.swift */ = {isa = PBXFileReference; lastKnownFileType = sourcecode.swift; path = RMLocationModel.swift; sourceTree = "<group>"; };
		586FD66A2B8C2F8500312762 /* RMCharacterModel.swift */ = {isa = PBXFileReference; lastKnownFileType = sourcecode.swift; path = RMCharacterModel.swift; sourceTree = "<group>"; };
		586FD66C2B8C2F9500312762 /* RMEpisodeModel.swift */ = {isa = PBXFileReference; lastKnownFileType = sourcecode.swift; path = RMEpisodeModel.swift; sourceTree = "<group>"; };
		586FD66E2B8C319700312762 /* RMCharacterView.swift */ = {isa = PBXFileReference; lastKnownFileType = sourcecode.swift; path = RMCharacterView.swift; sourceTree = "<group>"; };
		586FD6702B8C31A300312762 /* RMLocationView.swift */ = {isa = PBXFileReference; lastKnownFileType = sourcecode.swift; path = RMLocationView.swift; sourceTree = "<group>"; };
		586FD6722B8C31AC00312762 /* RMEpisodeView.swift */ = {isa = PBXFileReference; lastKnownFileType = sourcecode.swift; path = RMEpisodeView.swift; sourceTree = "<group>"; };
		586FD6742B8C31B600312762 /* RMSettingsView.swift */ = {isa = PBXFileReference; lastKnownFileType = sourcecode.swift; path = RMSettingsView.swift; sourceTree = "<group>"; };
		586FD6762B8CD38700312762 /* RMService.swift */ = {isa = PBXFileReference; lastKnownFileType = sourcecode.swift; path = RMService.swift; sourceTree = "<group>"; };
		586FD6782B8CD39100312762 /* RMRequest.swift */ = {isa = PBXFileReference; lastKnownFileType = sourcecode.swift; path = RMRequest.swift; sourceTree = "<group>"; };
		586FD67A2B8CD4EF00312762 /* RMEndpoint.swift */ = {isa = PBXFileReference; lastKnownFileType = sourcecode.swift; path = RMEndpoint.swift; sourceTree = "<group>"; };
		586FD6822B8DBF1B00312762 /* RMGetAllCharactersResponseModel.swift */ = {isa = PBXFileReference; lastKnownFileType = sourcecode.swift; path = RMGetAllCharactersResponseModel.swift; sourceTree = "<group>"; };
		586FD6842B8DED4000312762 /* RMCharacterListViewModel.swift */ = {isa = PBXFileReference; lastKnownFileType = sourcecode.swift; path = RMCharacterListViewModel.swift; sourceTree = "<group>"; };
		587645172B8F242B004BD2A3 /* RMCharacterGridView.swift */ = {isa = PBXFileReference; lastKnownFileType = sourcecode.swift; path = RMCharacterGridView.swift; sourceTree = "<group>"; };
		5876451C2B8F26AF004BD2A3 /* RMCharacterImageView.swift */ = {isa = PBXFileReference; lastKnownFileType = sourcecode.swift; path = RMCharacterImageView.swift; sourceTree = "<group>"; };
		5876451E2B8F2A2E004BD2A3 /* RMCharacterStatusView.swift */ = {isa = PBXFileReference; lastKnownFileType = sourcecode.swift; path = RMCharacterStatusView.swift; sourceTree = "<group>"; };
		587645222B90BD21004BD2A3 /* RMCharacterDetailView.swift */ = {isa = PBXFileReference; lastKnownFileType = sourcecode.swift; path = RMCharacterDetailView.swift; sourceTree = "<group>"; };
		587645282B90CC3D004BD2A3 /* RMCharacterImageViewModel.swift */ = {isa = PBXFileReference; lastKnownFileType = sourcecode.swift; path = RMCharacterImageViewModel.swift; sourceTree = "<group>"; };
		588D36732B9191770075F2DB /* RMNetworkManager.swift */ = {isa = PBXFileReference; lastKnownFileType = sourcecode.swift; path = RMNetworkManager.swift; sourceTree = "<group>"; };
		588D36782B91C57A0075F2DB /* KFImage.swift */ = {isa = PBXFileReference; lastKnownFileType = sourcecode.swift; path = KFImage.swift; sourceTree = "<group>"; };
/* End PBXFileReference section */

/* Begin PBXFrameworksBuildPhase section */
		586FD64B2B8C2CE700312762 /* Frameworks */ = {
			isa = PBXFrameworksBuildPhase;
			buildActionMask = 2147483647;
			files = (
				588D36772B91C5640075F2DB /* Kingfisher in Frameworks */,
			);
			runOnlyForDeploymentPostprocessing = 0;
		};
/* End PBXFrameworksBuildPhase section */

/* Begin PBXGroup section */
		586FD6452B8C2CE700312762 = {
			isa = PBXGroup;
			children = (
				586FD6502B8C2CE700312762 /* RickAndMorty */,
				586FD64F2B8C2CE700312762 /* Products */,
			);
			sourceTree = "<group>";
		};
		586FD64F2B8C2CE700312762 /* Products */ = {
			isa = PBXGroup;
			children = (
				586FD64E2B8C2CE700312762 /* RickAndMorty.app */,
			);
			name = Products;
			sourceTree = "<group>";
		};
		586FD6502B8C2CE700312762 /* RickAndMorty */ = {
			isa = PBXGroup;
			children = (
				586FD6512B8C2CE700312762 /* RickAndMortyApp.swift */,
				586FD6652B8C2ED100312762 /* Resources */,
				586FD6642B8C2ECA00312762 /* Managers */,
				586FD6632B8C2EC400312762 /* APIClients */,
				586FD6612B8C2EB500312762 /* Models */,
				586FD6622B8C2EBD00312762 /* ViewModels */,
				586FD6602B8C2EB100312762 /* Views */,
				586FD6552B8C2CE900312762 /* Assets.xcassets */,
				586FD6572B8C2CE900312762 /* Preview Content */,
			);
			path = RickAndMorty;
			sourceTree = "<group>";
		};
		586FD6572B8C2CE900312762 /* Preview Content */ = {
			isa = PBXGroup;
			children = (
				586FD6582B8C2CE900312762 /* Preview Assets.xcassets */,
			);
			path = "Preview Content";
			sourceTree = "<group>";
		};
		586FD6602B8C2EB100312762 /* Views */ = {
			isa = PBXGroup;
			children = (
				587645162B8F241A004BD2A3 /* MainViews */,
				587645192B8F2433004BD2A3 /* CommonViews */,
			);
			path = Views;
			sourceTree = "<group>";
		};
		586FD6612B8C2EB500312762 /* Models */ = {
			isa = PBXGroup;
			children = (
				586FD6812B8DBEF700312762 /* APIResponseTypes */,
				586FD6802B8DBEF000312762 /* DataTypes */,
			);
			path = Models;
			sourceTree = "<group>";
		};
		586FD6622B8C2EBD00312762 /* ViewModels */ = {
			isa = PBXGroup;
			children = (
				587645272B90CC1B004BD2A3 /* CommonViewModel */,
				587645262B90CC07004BD2A3 /* MainViewModel */,
			);
			path = ViewModels;
			sourceTree = "<group>";
		};
		586FD6632B8C2EC400312762 /* APIClients */ = {
			isa = PBXGroup;
			children = (
				586FD6762B8CD38700312762 /* RMService.swift */,
				586FD6782B8CD39100312762 /* RMRequest.swift */,
				586FD67A2B8CD4EF00312762 /* RMEndpoint.swift */,
			);
			path = APIClients;
			sourceTree = "<group>";
		};
		586FD6642B8C2ECA00312762 /* Managers */ = {
			isa = PBXGroup;
			children = (
				588D36732B9191770075F2DB /* RMNetworkManager.swift */,
			);
			path = Managers;
			sourceTree = "<group>";
		};
		586FD6652B8C2ED100312762 /* Resources */ = {
			isa = PBXGroup;
			children = (
				588D36782B91C57A0075F2DB /* KFImage.swift */,
			);
			path = Resources;
			sourceTree = "<group>";
		};
		586FD6802B8DBEF000312762 /* DataTypes */ = {
			isa = PBXGroup;
			children = (
				586FD6682B8C2F5F00312762 /* RMLocationModel.swift */,
				586FD66A2B8C2F8500312762 /* RMCharacterModel.swift */,
				586FD66C2B8C2F9500312762 /* RMEpisodeModel.swift */,
			);
			path = DataTypes;
			sourceTree = "<group>";
		};
		586FD6812B8DBEF700312762 /* APIResponseTypes */ = {
			isa = PBXGroup;
			children = (
				586FD6822B8DBF1B00312762 /* RMGetAllCharactersResponseModel.swift */,
			);
			path = APIResponseTypes;
			sourceTree = "<group>";
		};
		587645162B8F241A004BD2A3 /* MainViews */ = {
			isa = PBXGroup;
			children = (
				587645212B90BD09004BD2A3 /* DetailScreenView */,
				587645202B90BCFD004BD2A3 /* ScreenViews */,
			);
			path = MainViews;
			sourceTree = "<group>";
		};
		587645192B8F2433004BD2A3 /* CommonViews */ = {
			isa = PBXGroup;
			children = (
				587645172B8F242B004BD2A3 /* RMCharacterGridView.swift */,
				5876451C2B8F26AF004BD2A3 /* RMCharacterImageView.swift */,
				5876451E2B8F2A2E004BD2A3 /* RMCharacterStatusView.swift */,
			);
			path = CommonViews;
			sourceTree = "<group>";
		};
		587645202B90BCFD004BD2A3 /* ScreenViews */ = {
			isa = PBXGroup;
			children = (
				586FD6532B8C2CE700312762 /* RMContentView.swift */,
				586FD66E2B8C319700312762 /* RMCharacterView.swift */,
				586FD6702B8C31A300312762 /* RMLocationView.swift */,
				586FD6722B8C31AC00312762 /* RMEpisodeView.swift */,
				586FD6742B8C31B600312762 /* RMSettingsView.swift */,
			);
			path = ScreenViews;
			sourceTree = "<group>";
		};
		587645212B90BD09004BD2A3 /* DetailScreenView */ = {
			isa = PBXGroup;
			children = (
				587645222B90BD21004BD2A3 /* RMCharacterDetailView.swift */,
			);
			path = DetailScreenView;
			sourceTree = "<group>";
		};
		587645262B90CC07004BD2A3 /* MainViewModel */ = {
			isa = PBXGroup;
			children = (
				586FD6842B8DED4000312762 /* RMCharacterListViewModel.swift */,
			);
			path = MainViewModel;
			sourceTree = "<group>";
		};
		587645272B90CC1B004BD2A3 /* CommonViewModel */ = {
			isa = PBXGroup;
			children = (
				587645282B90CC3D004BD2A3 /* RMCharacterImageViewModel.swift */,
			);
			path = CommonViewModel;
			sourceTree = "<group>";
		};
/* End PBXGroup section */

/* Begin PBXNativeTarget section */
		586FD64D2B8C2CE700312762 /* RickAndMorty */ = {
			isa = PBXNativeTarget;
			buildConfigurationList = 586FD65C2B8C2CE900312762 /* Build configuration list for PBXNativeTarget "RickAndMorty" */;
			buildPhases = (
				586FD64A2B8C2CE700312762 /* Sources */,
				586FD64B2B8C2CE700312762 /* Frameworks */,
				586FD64C2B8C2CE700312762 /* Resources */,
			);
			buildRules = (
			);
			dependencies = (
			);
			name = RickAndMorty;
			packageProductDependencies = (
				588D36762B91C5640075F2DB /* Kingfisher */,
			);
			productName = RickAndMorty;
			productReference = 586FD64E2B8C2CE700312762 /* RickAndMorty.app */;
			productType = "com.apple.product-type.application";
		};
/* End PBXNativeTarget section */

/* Begin PBXProject section */
		586FD6462B8C2CE700312762 /* Project object */ = {
			isa = PBXProject;
			attributes = {
				BuildIndependentTargetsInParallel = 1;
				LastSwiftUpdateCheck = 1520;
				LastUpgradeCheck = 1520;
				TargetAttributes = {
					586FD64D2B8C2CE700312762 = {
						CreatedOnToolsVersion = 15.2;
					};
				};
			};
			buildConfigurationList = 586FD6492B8C2CE700312762 /* Build configuration list for PBXProject "RickAndMorty" */;
			compatibilityVersion = "Xcode 14.0";
			developmentRegion = en;
			hasScannedForEncodings = 0;
			knownRegions = (
				en,
				Base,
			);
			mainGroup = 586FD6452B8C2CE700312762;
			packageReferences = (
				588D36752B91C5640075F2DB /* XCRemoteSwiftPackageReference "Kingfisher" */,
			);
			productRefGroup = 586FD64F2B8C2CE700312762 /* Products */;
			projectDirPath = "";
			projectRoot = "";
			targets = (
				586FD64D2B8C2CE700312762 /* RickAndMorty */,
			);
		};
/* End PBXProject section */

/* Begin PBXResourcesBuildPhase section */
		586FD64C2B8C2CE700312762 /* Resources */ = {
			isa = PBXResourcesBuildPhase;
			buildActionMask = 2147483647;
			files = (
				586FD6592B8C2CE900312762 /* Preview Assets.xcassets in Resources */,
				586FD6562B8C2CE900312762 /* Assets.xcassets in Resources */,
			);
			runOnlyForDeploymentPostprocessing = 0;
		};
/* End PBXResourcesBuildPhase section */

/* Begin PBXSourcesBuildPhase section */
		586FD64A2B8C2CE700312762 /* Sources */ = {
			isa = PBXSourcesBuildPhase;
			buildActionMask = 2147483647;
			files = (
				586FD6772B8CD38700312762 /* RMService.swift in Sources */,
				587645182B8F242B004BD2A3 /* RMCharacterGridView.swift in Sources */,
				587645232B90BD21004BD2A3 /* RMCharacterDetailView.swift in Sources */,
				588D36742B9191770075F2DB /* RMNetworkManager.swift in Sources */,
				586FD6692B8C2F5F00312762 /* RMLocationModel.swift in Sources */,
				586FD6732B8C31AC00312762 /* RMEpisodeView.swift in Sources */,
				587645292B90CC3D004BD2A3 /* RMCharacterImageViewModel.swift in Sources */,
				586FD67B2B8CD4EF00312762 /* RMEndpoint.swift in Sources */,
				586FD6752B8C31B600312762 /* RMSettingsView.swift in Sources */,
				586FD6542B8C2CE700312762 /* RMContentView.swift in Sources */,
				586FD66D2B8C2F9500312762 /* RMEpisodeModel.swift in Sources */,
				586FD66B2B8C2F8500312762 /* RMCharacterModel.swift in Sources */,
				586FD6522B8C2CE700312762 /* RickAndMortyApp.swift in Sources */,
				586FD6832B8DBF1B00312762 /* RMGetAllCharactersResponseModel.swift in Sources */,
				586FD66F2B8C319700312762 /* RMCharacterView.swift in Sources */,
				586FD6852B8DED4000312762 /* RMCharacterListViewModel.swift in Sources */,
				5876451F2B8F2A2E004BD2A3 /* RMCharacterStatusView.swift in Sources */,
				586FD6792B8CD39100312762 /* RMRequest.swift in Sources */,
				588D36792B91C57A0075F2DB /* KFImage.swift in Sources */,
				586FD6712B8C31A300312762 /* RMLocationView.swift in Sources */,
				5876451D2B8F26AF004BD2A3 /* RMCharacterImageView.swift in Sources */,
			);
			runOnlyForDeploymentPostprocessing = 0;
		};
/* End PBXSourcesBuildPhase section */

/* Begin XCBuildConfiguration section */
		586FD65A2B8C2CE900312762 /* Debug */ = {
			isa = XCBuildConfiguration;
			buildSettings = {
				ALWAYS_SEARCH_USER_PATHS = NO;
				ASSETCATALOG_COMPILER_GENERATE_SWIFT_ASSET_SYMBOL_EXTENSIONS = YES;
				CLANG_ANALYZER_NONNULL = YES;
				CLANG_ANALYZER_NUMBER_OBJECT_CONVERSION = YES_AGGRESSIVE;
				CLANG_CXX_LANGUAGE_STANDARD = "gnu++20";
				CLANG_ENABLE_MODULES = YES;
				CLANG_ENABLE_OBJC_ARC = YES;
				CLANG_ENABLE_OBJC_WEAK = YES;
				CLANG_WARN_BLOCK_CAPTURE_AUTORELEASING = YES;
				CLANG_WARN_BOOL_CONVERSION = YES;
				CLANG_WARN_COMMA = YES;
				CLANG_WARN_CONSTANT_CONVERSION = YES;
				CLANG_WARN_DEPRECATED_OBJC_IMPLEMENTATIONS = YES;
				CLANG_WARN_DIRECT_OBJC_ISA_USAGE = YES_ERROR;
				CLANG_WARN_DOCUMENTATION_COMMENTS = YES;
				CLANG_WARN_EMPTY_BODY = YES;
				CLANG_WARN_ENUM_CONVERSION = YES;
				CLANG_WARN_INFINITE_RECURSION = YES;
				CLANG_WARN_INT_CONVERSION = YES;
				CLANG_WARN_NON_LITERAL_NULL_CONVERSION = YES;
				CLANG_WARN_OBJC_IMPLICIT_RETAIN_SELF = YES;
				CLANG_WARN_OBJC_LITERAL_CONVERSION = YES;
				CLANG_WARN_OBJC_ROOT_CLASS = YES_ERROR;
				CLANG_WARN_QUOTED_INCLUDE_IN_FRAMEWORK_HEADER = YES;
				CLANG_WARN_RANGE_LOOP_ANALYSIS = YES;
				CLANG_WARN_STRICT_PROTOTYPES = YES;
				CLANG_WARN_SUSPICIOUS_MOVE = YES;
				CLANG_WARN_UNGUARDED_AVAILABILITY = YES_AGGRESSIVE;
				CLANG_WARN_UNREACHABLE_CODE = YES;
				CLANG_WARN__DUPLICATE_METHOD_MATCH = YES;
				COPY_PHASE_STRIP = NO;
				DEBUG_INFORMATION_FORMAT = dwarf;
				ENABLE_STRICT_OBJC_MSGSEND = YES;
				ENABLE_TESTABILITY = YES;
				ENABLE_USER_SCRIPT_SANDBOXING = YES;
				GCC_C_LANGUAGE_STANDARD = gnu17;
				GCC_DYNAMIC_NO_PIC = NO;
				GCC_NO_COMMON_BLOCKS = YES;
				GCC_OPTIMIZATION_LEVEL = 0;
				GCC_PREPROCESSOR_DEFINITIONS = (
					"DEBUG=1",
					"$(inherited)",
				);
				GCC_WARN_64_TO_32_BIT_CONVERSION = YES;
				GCC_WARN_ABOUT_RETURN_TYPE = YES_ERROR;
				GCC_WARN_UNDECLARED_SELECTOR = YES;
				GCC_WARN_UNINITIALIZED_AUTOS = YES_AGGRESSIVE;
				GCC_WARN_UNUSED_FUNCTION = YES;
				GCC_WARN_UNUSED_VARIABLE = YES;
				IPHONEOS_DEPLOYMENT_TARGET = 17.2;
				LOCALIZATION_PREFERS_STRING_CATALOGS = YES;
				MTL_ENABLE_DEBUG_INFO = INCLUDE_SOURCE;
				MTL_FAST_MATH = YES;
				ONLY_ACTIVE_ARCH = YES;
				SDKROOT = iphoneos;
				SWIFT_ACTIVE_COMPILATION_CONDITIONS = "DEBUG $(inherited)";
				SWIFT_OPTIMIZATION_LEVEL = "-Onone";
			};
			name = Debug;
		};
		586FD65B2B8C2CE900312762 /* Release */ = {
			isa = XCBuildConfiguration;
			buildSettings = {
				ALWAYS_SEARCH_USER_PATHS = NO;
				ASSETCATALOG_COMPILER_GENERATE_SWIFT_ASSET_SYMBOL_EXTENSIONS = YES;
				CLANG_ANALYZER_NONNULL = YES;
				CLANG_ANALYZER_NUMBER_OBJECT_CONVERSION = YES_AGGRESSIVE;
				CLANG_CXX_LANGUAGE_STANDARD = "gnu++20";
				CLANG_ENABLE_MODULES = YES;
				CLANG_ENABLE_OBJC_ARC = YES;
				CLANG_ENABLE_OBJC_WEAK = YES;
				CLANG_WARN_BLOCK_CAPTURE_AUTORELEASING = YES;
				CLANG_WARN_BOOL_CONVERSION = YES;
				CLANG_WARN_COMMA = YES;
				CLANG_WARN_CONSTANT_CONVERSION = YES;
				CLANG_WARN_DEPRECATED_OBJC_IMPLEMENTATIONS = YES;
				CLANG_WARN_DIRECT_OBJC_ISA_USAGE = YES_ERROR;
				CLANG_WARN_DOCUMENTATION_COMMENTS = YES;
				CLANG_WARN_EMPTY_BODY = YES;
				CLANG_WARN_ENUM_CONVERSION = YES;
				CLANG_WARN_INFINITE_RECURSION = YES;
				CLANG_WARN_INT_CONVERSION = YES;
				CLANG_WARN_NON_LITERAL_NULL_CONVERSION = YES;
				CLANG_WARN_OBJC_IMPLICIT_RETAIN_SELF = YES;
				CLANG_WARN_OBJC_LITERAL_CONVERSION = YES;
				CLANG_WARN_OBJC_ROOT_CLASS = YES_ERROR;
				CLANG_WARN_QUOTED_INCLUDE_IN_FRAMEWORK_HEADER = YES;
				CLANG_WARN_RANGE_LOOP_ANALYSIS = YES;
				CLANG_WARN_STRICT_PROTOTYPES = YES;
				CLANG_WARN_SUSPICIOUS_MOVE = YES;
				CLANG_WARN_UNGUARDED_AVAILABILITY = YES_AGGRESSIVE;
				CLANG_WARN_UNREACHABLE_CODE = YES;
				CLANG_WARN__DUPLICATE_METHOD_MATCH = YES;
				COPY_PHASE_STRIP = NO;
				DEBUG_INFORMATION_FORMAT = "dwarf-with-dsym";
				ENABLE_NS_ASSERTIONS = NO;
				ENABLE_STRICT_OBJC_MSGSEND = YES;
				ENABLE_USER_SCRIPT_SANDBOXING = YES;
				GCC_C_LANGUAGE_STANDARD = gnu17;
				GCC_NO_COMMON_BLOCKS = YES;
				GCC_WARN_64_TO_32_BIT_CONVERSION = YES;
				GCC_WARN_ABOUT_RETURN_TYPE = YES_ERROR;
				GCC_WARN_UNDECLARED_SELECTOR = YES;
				GCC_WARN_UNINITIALIZED_AUTOS = YES_AGGRESSIVE;
				GCC_WARN_UNUSED_FUNCTION = YES;
				GCC_WARN_UNUSED_VARIABLE = YES;
				IPHONEOS_DEPLOYMENT_TARGET = 17.2;
				LOCALIZATION_PREFERS_STRING_CATALOGS = YES;
				MTL_ENABLE_DEBUG_INFO = NO;
				MTL_FAST_MATH = YES;
				SDKROOT = iphoneos;
				SWIFT_COMPILATION_MODE = wholemodule;
				VALIDATE_PRODUCT = YES;
			};
			name = Release;
		};
		586FD65D2B8C2CE900312762 /* Debug */ = {
			isa = XCBuildConfiguration;
			buildSettings = {
				ASSETCATALOG_COMPILER_APPICON_NAME = AppIcon;
				ASSETCATALOG_COMPILER_GLOBAL_ACCENT_COLOR_NAME = AccentColor;
				CODE_SIGN_STYLE = Automatic;
				CURRENT_PROJECT_VERSION = 1;
				DEVELOPMENT_ASSET_PATHS = "\"RickAndMorty/Preview Content\"";
				DEVELOPMENT_TEAM = 2GS4XDQ6V7;
				ENABLE_PREVIEWS = YES;
				GENERATE_INFOPLIST_FILE = YES;
				INFOPLIST_KEY_UIApplicationSceneManifest_Generation = YES;
				INFOPLIST_KEY_UIApplicationSupportsIndirectInputEvents = YES;
				INFOPLIST_KEY_UILaunchScreen_Generation = YES;
				INFOPLIST_KEY_UISupportedInterfaceOrientations_iPad = "UIInterfaceOrientationPortrait UIInterfaceOrientationPortraitUpsideDown UIInterfaceOrientationLandscapeLeft UIInterfaceOrientationLandscapeRight";
				INFOPLIST_KEY_UISupportedInterfaceOrientations_iPhone = "UIInterfaceOrientationPortrait UIInterfaceOrientationLandscapeLeft UIInterfaceOrientationLandscapeRight";
				LD_RUNPATH_SEARCH_PATHS = (
					"$(inherited)",
					"@executable_path/Frameworks",
				);
				MARKETING_VERSION = 1.0;
				PRODUCT_BUNDLE_IDENTIFIER = com.yourcomapny.RickAndMorty;
				PRODUCT_NAME = "$(TARGET_NAME)";
				SWIFT_EMIT_LOC_STRINGS = YES;
				SWIFT_VERSION = 5.0;
				TARGETED_DEVICE_FAMILY = "1,2";
			};
			name = Debug;
		};
		586FD65E2B8C2CE900312762 /* Release */ = {
			isa = XCBuildConfiguration;
			buildSettings = {
				ASSETCATALOG_COMPILER_APPICON_NAME = AppIcon;
				ASSETCATALOG_COMPILER_GLOBAL_ACCENT_COLOR_NAME = AccentColor;
				CODE_SIGN_STYLE = Automatic;
				CURRENT_PROJECT_VERSION = 1;
				DEVELOPMENT_ASSET_PATHS = "\"RickAndMorty/Preview Content\"";
				DEVELOPMENT_TEAM = 2GS4XDQ6V7;
				ENABLE_PREVIEWS = YES;
				GENERATE_INFOPLIST_FILE = YES;
				INFOPLIST_KEY_UIApplicationSceneManifest_Generation = YES;
				INFOPLIST_KEY_UIApplicationSupportsIndirectInputEvents = YES;
				INFOPLIST_KEY_UILaunchScreen_Generation = YES;
				INFOPLIST_KEY_UISupportedInterfaceOrientations_iPad = "UIInterfaceOrientationPortrait UIInterfaceOrientationPortraitUpsideDown UIInterfaceOrientationLandscapeLeft UIInterfaceOrientationLandscapeRight";
				INFOPLIST_KEY_UISupportedInterfaceOrientations_iPhone = "UIInterfaceOrientationPortrait UIInterfaceOrientationLandscapeLeft UIInterfaceOrientationLandscapeRight";
				LD_RUNPATH_SEARCH_PATHS = (
					"$(inherited)",
					"@executable_path/Frameworks",
				);
				MARKETING_VERSION = 1.0;
				PRODUCT_BUNDLE_IDENTIFIER = com.yourcomapny.RickAndMorty;
				PRODUCT_NAME = "$(TARGET_NAME)";
				SWIFT_EMIT_LOC_STRINGS = YES;
				SWIFT_VERSION = 5.0;
				TARGETED_DEVICE_FAMILY = "1,2";
			};
			name = Release;
		};
/* End XCBuildConfiguration section */

/* Begin XCConfigurationList section */
		586FD6492B8C2CE700312762 /* Build configuration list for PBXProject "RickAndMorty" */ = {
			isa = XCConfigurationList;
			buildConfigurations = (
				586FD65A2B8C2CE900312762 /* Debug */,
				586FD65B2B8C2CE900312762 /* Release */,
			);
			defaultConfigurationIsVisible = 0;
			defaultConfigurationName = Release;
		};
		586FD65C2B8C2CE900312762 /* Build configuration list for PBXNativeTarget "RickAndMorty" */ = {
			isa = XCConfigurationList;
			buildConfigurations = (
				586FD65D2B8C2CE900312762 /* Debug */,
				586FD65E2B8C2CE900312762 /* Release */,
			);
			defaultConfigurationIsVisible = 0;
			defaultConfigurationName = Release;
		};
/* End XCConfigurationList section */

/* Begin XCRemoteSwiftPackageReference section */
		588D36752B91C5640075F2DB /* XCRemoteSwiftPackageReference "Kingfisher" */ = {
			isa = XCRemoteSwiftPackageReference;
			repositoryURL = "https://github.com/onevcat/Kingfisher.git";
			requirement = {
				kind = upToNextMajorVersion;
				minimumVersion = 7.11.0;
			};
		};
/* End XCRemoteSwiftPackageReference section */

/* Begin XCSwiftPackageProductDependency section */
		588D36762B91C5640075F2DB /* Kingfisher */ = {
			isa = XCSwiftPackageProductDependency;
			package = 588D36752B91C5640075F2DB /* XCRemoteSwiftPackageReference "Kingfisher" */;
			productName = Kingfisher;
		};
/* End XCSwiftPackageProductDependency section */
	};
	rootObject = 586FD6462B8C2CE700312762 /* Project object */;
}
